
Microsoft Visual Studio Solution File, Format Version 12.00
# Visual Studio Version 16
VisualStudioVersion = 16.0.30011.22
MinimumVisualStudioVersion = 10.0.40219.1
Project("{9A19103F-16F7-4668-BE54-9A1E7A4F7556}") = "Elk.Serilog.RabbitMq.Web", "src\Web\Elk.Serilog.Web\Elk.Serilog.RabbitMq.Web.csproj", "{EDFADF60-F71F-4473-93CA-7BAF1C186D10}"
EndProject
Project("{9A19103F-16F7-4668-BE54-9A1E7A4F7556}") = "Elk.Serilog.RabbitMq.Common", "src\Web\Elk.Serilog.Common\Elk.Serilog.RabbitMq.Common.csproj", "{3304497C-07BC-4468-B222-697E8B81CBCF}"
EndProject
Project("{2150E333-8FDC-42A3-9474-1A3956D46DE8}") = "docker", "docker", "{880EE49E-0EFC-46BE-A4D6-FBD6731CF5E0}"
	ProjectSection(SolutionItems) = preProject
		docker-compose.yml = docker-compose.yml
	EndProjectSection
EndProject
Project("{2150E333-8FDC-42A3-9474-1A3956D46DE8}") = "src", "src", "{0448A58F-FDD2-4BD1-8B70-445C891207E2}"
EndProject
Project("{2150E333-8FDC-42A3-9474-1A3956D46DE8}") = "Web", "Web", "{47A074B7-C873-4E68-AA35-E532C7ECA269}"
EndProject
Project("{2150E333-8FDC-42A3-9474-1A3956D46DE8}") = "App", "App", "{37743A32-DC39-4E2D-8686-B71EC5A31178}"
EndProject
Global
	GlobalSection(SolutionConfigurationPlatforms) = preSolution
		Debug|Any CPU = Debug|Any CPU
		Release|Any CPU = Release|Any CPU
	EndGlobalSection
	GlobalSection(ProjectConfigurationPlatforms) = postSolution
		{EDFADF60-F71F-4473-93CA-7BAF1C186D10}.Debug|Any CPU.ActiveCfg = Debug|Any CPU
		{EDFADF60-F71F-4473-93CA-7BAF1C186D10}.Debug|Any CPU.Build.0 = Debug|Any CPU
		{EDFADF60-F71F-4473-93CA-7BAF1C186D10}.Release|Any CPU.ActiveCfg = Release|Any CPU
		{EDFADF60-F71F-4473-93CA-7BAF1C186D10}.Release|Any CPU.Build.0 = Release|Any CPU
		{3304497C-07BC-4468-B222-697E8B81CBCF}.Debug|Any CPU.ActiveCfg = Debug|Any CPU
		{3304497C-07BC-4468-B222-697E8B81CBCF}.Debug|Any CPU.Build.0 = Debug|Any CPU
		{3304497C-07BC-4468-B222-697E8B81CBCF}.Release|Any CPU.ActiveCfg = Release|Any CPU
		{3304497C-07BC-4468-B222-697E8B81CBCF}.Release|Any CPU.Build.0 = Release|Any CPU
	EndGlobalSection
	GlobalSection(SolutionProperties) = preSolution
		HideSolutionNode = FALSE
	EndGlobalSection
	GlobalSection(NestedProjects) = preSolution
		{EDFADF60-F71F-4473-93CA-7BAF1C186D10} = {47A074B7-C873-4E68-AA35-E532C7ECA269}
		{3304497C-07BC-4468-B222-697E8B81CBCF} = {47A074B7-C873-4E68-AA35-E532C7ECA269}
		{47A074B7-C873-4E68-AA35-E532C7ECA269} = {0448A58F-FDD2-4BD1-8B70-445C891207E2}
		{37743A32-DC39-4E2D-8686-B71EC5A31178} = {0448A58F-FDD2-4BD1-8B70-445C891207E2}
	EndGlobalSection
	GlobalSection(ExtensibilityGlobals) = postSolution
		SolutionGuid = {FB7735A5-F157-4156-A090-51378B268DBB}
	EndGlobalSection
EndGlobal
